
Microsoft Visual Studio Solution File, Format Version 12.00
# Visual Studio 2017
Project("{FAE04EC0-301F-11D3-BF4B-00C04F79EFBC}") = "2d roguelike", "2d roguelike.csproj", "{387ABF00-52C7-FF6D-1B57-AC5CBE1D1739}"
EndProject
Project("{FAE04EC0-301F-11D3-BF4B-00C04F79EFBC}") = "2d roguelike.Editor", "2d roguelike.Editor.csproj", "{451DEE81-CD61-D880-8F0A-58C8DF3926EA}"
EndProject
Global
	GlobalSection(SolutionConfigurationPlatforms) = preSolution
		Debug|Any CPU = Debug|Any CPU
		Release|Any CPU = Release|Any CPU
	EndGlobalSection
	GlobalSection(ProjectConfigurationPlatforms) = postSolution
		{387ABF00-52C7-FF6D-1B57-AC5CBE1D1739}.Debug|Any CPU.ActiveCfg = Debug|Any CPU
		{387ABF00-52C7-FF6D-1B57-AC5CBE1D1739}.Debug|Any CPU.Build.0 = Debug|Any CPU
		{387ABF00-52C7-FF6D-1B57-AC5CBE1D1739}.Release|Any CPU.ActiveCfg = Release|Any CPU
		{387ABF00-52C7-FF6D-1B57-AC5CBE1D1739}.Release|Any CPU.Build.0 = Release|Any CPU
		{451DEE81-CD61-D880-8F0A-58C8DF3926EA}.Debug|Any CPU.ActiveCfg = Debug|Any CPU
		{451DEE81-CD61-D880-8F0A-58C8DF3926EA}.Debug|Any CPU.Build.0 = Debug|Any CPU
		{451DEE81-CD61-D880-8F0A-58C8DF3926EA}.Release|Any CPU.ActiveCfg = Release|Any CPU
		{451DEE81-CD61-D880-8F0A-58C8DF3926EA}.Release|Any CPU.Build.0 = Release|Any CPU
	EndGlobalSection
	GlobalSection(SolutionProperties) = preSolution
		HideSolutionNode = FALSE
	EndGlobalSection
EndGlobal
